
Microsoft Visual Studio Solution File, Format Version 12.00
# Visual Studio Version 17
VisualStudioVersion = 17.13.36105.23 d17.13
MinimumVisualStudioVersion = 10.0.40219.1
Project("{FAE04EC0-301F-11D3-BF4B-00C04F79EFBC}") = "FirstAPI", "FirstAPI\FirstAPI.csproj", "{545492EA-FB19-4CC6-9AC5-DAF0027EB239}"
EndProject
Global
	GlobalSection(SolutionConfigurationPlatforms) = preSolution
		Debug|Any CPU = Debug|Any CPU
		Release|Any CPU = Release|Any CPU
	EndGlobalSection
	GlobalSection(ProjectConfigurationPlatforms) = postSolution
		{545492EA-FB19-4CC6-9AC5-DAF0027EB239}.Debug|Any CPU.ActiveCfg = Debug|Any CPU
		{545492EA-FB19-4CC6-9AC5-DAF0027EB239}.Debug|Any CPU.Build.0 = Debug|Any CPU
		{545492EA-FB19-4CC6-9AC5-DAF0027EB239}.Release|Any CPU.ActiveCfg = Release|Any CPU
		{545492EA-FB19-4CC6-9AC5-DAF0027EB239}.Release|Any CPU.Build.0 = Release|Any CPU
	EndGlobalSection
	GlobalSection(SolutionProperties) = preSolution
		HideSolutionNode = FALSE
	EndGlobalSection
	GlobalSection(ExtensibilityGlobals) = postSolution
		SolutionGuid = {22C83348-F7CD-45E7-B612-5C490FC3A85B}
	EndGlobalSection
EndGlobal
